
Microsoft Visual Studio Solution File, Format Version 12.00
Project("{F2A71F9B-5D33-465A-A702-920D77279786}") = "FPPrank", "FPPrank.fsproj", "{4F211893-65D2-4464-970F-98D94B2B283F}"
EndProject
Global
	GlobalSection(SolutionConfigurationPlatforms) = preSolution
		Debug|Any CPU = Debug|Any CPU
		Release|Any CPU = Release|Any CPU
	EndGlobalSection
	GlobalSection(ProjectConfigurationPlatforms) = postSolution
		{4F211893-65D2-4464-970F-98D94B2B283F}.Debug|Any CPU.ActiveCfg = Debug|Any CPU
		{4F211893-65D2-4464-970F-98D94B2B283F}.Debug|Any CPU.Build.0 = Debug|Any CPU
		{4F211893-65D2-4464-970F-98D94B2B283F}.Release|Any CPU.ActiveCfg = Release|Any CPU
		{4F211893-65D2-4464-970F-98D94B2B283F}.Release|Any CPU.Build.0 = Release|Any CPU
	EndGlobalSection
EndGlobal
